github.com/akshayjshah/attest v0.4.0 h1:WsUC9HOLWNx+enIGN1Zb3HDx0d6v9K2ZSRdwZkWsN+I=
github.com/akshayjshah/attest v0.4.0/go.mod h1:xOHx7YBQ1aDFYNp9OpICMPKJrI+YidFSmHx412ptvsc=
github.com/bufbuild/connect-go v1.1.0 h1:AUgqqO2ePdOJSpPOep6BPYz5v2moW1Lb8sQh0EeRzQ8=
github.com/bufbuild/connect-go v1.1.0/go.mod h1:9iNvh/NOsfhNBUH5CtvXeVUskQO1xsrEviH7ZArwZ3I=
github.com/golang/protobuf v1.5.0/go.mod h1:FsONVRAS9T7sI+LIUmWTfcYkHO4aIWwzhcaSAoJOfIk=
github.com/google/go-cmp v0.5.5/go.mod h1:v8dTdLbMG2kIc/vJvl+f65V22dbkXbowE6jgT/gNBxE=
github.com/google/go-cmp v0.5.9 h1:O2Tfq5qg4qc4AmwVlvv0oLiVAGB7enBSJ2x2DqQFi38=
github.com/google/go-cmp v0.5.9/go.mod h1:17dUlkBOakJ0+DkrSSNjCkIjxS6bF9zb3elmeNGIjoY=
github.com/oklog/ulid/v2 v2.1.0 h1:+9lhoxAP56we25tyYETBBY1YLA2SaoLvUFgrP2miPJU=
github.com/oklog/ulid/v2 v2.1.0/go.mod h1:rcEKHmBBKfef9DhnvX7y1HZBYxjXb0cP5ExxNsTT1QQ=
github.com/pborman/getopt v0.0.0-20170112200414-7148bc3a4c30/go.mod h1:85jBQOZwpVEaDAr341tbn15RS4fCAsIst0qp7i8ex1o=
github.com/rs/cors v1.8.2 h1:KCooALfAYGs415Cwu5ABvv9n9509fSiG5SQJn/AQo4U=
github.com/rs/cors v1.8.2/go.mod h1:XyqrcTp5zjWr1wsJ8PIRZssZ8b/WMcMf71DJnit4EMU=
go.buf.build/bufbuild/connect-go/acme/paymentapis v1.10.3 h1:xyfNkaAFA5zLIn2sKCuCypGeQ//U2CSfPGQ8gQPgX+s=
go.buf.build/bufbuild/connect-go/acme/paymentapis v1.10.3/go.mod h1:bsxCfyqDuxwPhHOUU3pA6PwyVF9yUqW/iL8pIx3Ivhk=
go.buf.build/bufbuild/connect-go/acme/petapis v1.10.7 h1:EeBr92iB/HlSHp//AJAxVL5KZCsqx7wz8DrIuTftCJY=
go.buf.build/bufbuild/connect-go/acme/petapis v1.10.7/go.mod h1:aGChRZri1YBfM9u20keLSoaiZ8YB4zG0EyrkinoKlTM=
golang.org/x/xerrors v0.0.0-20191204190536-9bdfabe68543/go.mod h1:I/5z698sn9Ka8TeJc9MKroUUfqBBauWjQqLJ2OPfmY0=
google.golang.org/genproto v0.0.0-20221118155620-16455021b5e6 h1:a2S6M0+660BgMNl++4JPlcAO/CjkqYItDEZwkoDQK7c=
google.golang.org/genproto v0.0.0-20221118155620-16455021b5e6/go.mod h1:rZS5c/ZVYMaOGBfO68GWtjOw/eLaZM1X6iVtgjZ+EWg=
google.golang.org/protobuf v1.26.0-rc.1/go.mod h1:jlhhOSvTdKEhbULTjvd4ARK9grFBp09yW+WbY/TyQbw=
google.golang.org/protobuf v1.28.1 h1:d0NfwRgPtno5B1Wa6L2DAG+KivqkdutMf1UhdNx175w=
google.golang.org/protobuf v1.28.1/go.mod h1:HV8QOd/L58Z+nl8r43ehVNZIU/HEI6OcFqwMG9pJV4I=
