buf.build/gen/go/acme/paymentapis/protocolbuffers/go v1.34.2-20220907172603-9a877cf260e1.2 h1:UEy03+qY2sUveeM1h8DJfcfMMFZxQa7lCdJGqucYtGc=
buf.build/gen/go/acme/paymentapis/protocolbuffers/go v1.34.2-20220907172603-9a877cf260e1.2/go.mod h1:F2aGkVhoRbzAxPB+bCj6FKXwmVFS9DGHbLsBBpvKj8w=
buf.build/gen/go/acme/petapis/connectrpc/go v1.17.0-20220907172654-7abdb7802c8f.1 h1:TSrIYcJ9/GOCPHN+ZJ72r2x0o2EAq8c2jOOXUu4XA44=
buf.build/gen/go/acme/petapis/connectrpc/go v1.17.0-20220907172654-7abdb7802c8f.1/go.mod h1:GURw53x1gYKedyeuIvDu18p4Z9WC8YAq9Rwvb0sFWTM=
buf.build/gen/go/acme/petapis/protocolbuffers/go v1.34.2-20220907172654-7abdb7802c8f.2 h1:srRq0xccLnYRASHt+6PatTpkO3w+uUe5QIxV4UiZSqQ=
buf.build/gen/go/acme/petapis/protocolbuffers/go v1.34.2-20220907172654-7abdb7802c8f.2/go.mod h1:qn6VHuVhnwBp8QsYEsDDt5aqrLTV48T5SXqBPu/Z9mU=
connectrpc.com/connect v1.17.0 h1:W0ZqMhtVzn9Zhn2yATuUokDLO5N+gIuBWMOnsQrfmZk=
connectrpc.com/connect v1.17.0/go.mod h1:0292hj1rnx8oFrStN7cB4jjVBeqs+Yx5yDIC2prWDO8=
connectrpc.com/cors v0.1.0 h1:f3gTXJyDZPrDIZCQ567jxfD9PAIpopHiRDnJRt3QuOQ=
connectrpc.com/cors v0.1.0/go.mod h1:v8SJZCPfHtGH1zsm+Ttajpozd4cYIUryl4dFB6QEpfg=
connectrpc.com/grpcreflect v1.2.0 h1:Q6og1S7HinmtbEuBvARLNwYmTbhEGRpHDhqrPNlmK+U=
connectrpc.com/grpcreflect v1.2.0/go.mod h1:nwSOKmE8nU5u/CidgHtPYk1PFI3U9ignz7iDMxOYkSY=
github.com/google/go-cmp v0.5.9 h1:O2Tfq5qg4qc4AmwVlvv0oLiVAGB7enBSJ2x2DqQFi38=
github.com/google/go-cmp v0.5.9/go.mod h1:17dUlkBOakJ0+DkrSSNjCkIjxS6bF9zb3elmeNGIjoY=
github.com/google/safehtml v0.0.2 h1:ZOt2VXg4x24bW0m2jtzAOkhoXV0iM8vNKc0paByCZqM=
github.com/google/safehtml v0.0.2/go.mod h1:L4KWwDsUJdECRAEpZoBn3O64bQaywRscowZjJAzjHnU=
github.com/jba/templatecheck v0.7.0 h1:wjTb/VhGgSFeim5zjWVePBdaMo28X74bGLSABZV+zIA=
github.com/jba/templatecheck v0.7.0/go.mod h1:n1Etw+Rrw1mDDD8dDRsEKTwMZsJ98EkktgNJC6wLUGo=
github.com/jub0bs/cors v0.3.1 h1:PCT/3LWGnlVIJP6peSWNbE7wcr/IXCCStAE1TnardFQ=
github.com/jub0bs/cors v0.3.1/go.mod h1:mU8XwHPNxGuuvDpf3sKF+F0Yi5bZMzd8k0h7a8I9gtY=
github.com/oklog/ulid/v2 v2.1.0 h1:+9lhoxAP56we25tyYETBBY1YLA2SaoLvUFgrP2miPJU=
github.com/oklog/ulid/v2 v2.1.0/go.mod h1:rcEKHmBBKfef9DhnvX7y1HZBYxjXb0cP5ExxNsTT1QQ=
github.com/pborman/getopt v0.0.0-20170112200414-7148bc3a4c30/go.mod h1:85jBQOZwpVEaDAr341tbn15RS4fCAsIst0qp7i8ex1o=
github.com/yuin/goldmark v1.4.1 h1:/vn0k+RBvwlxEmP5E7SZMqNxPhfMVFEJiykr15/0XKM=
github.com/yuin/goldmark v1.4.1/go.mod h1:mwnBkeHKe2W/ZEtQ+71ViKU8L12m81fl3OWwC1Zlc8k=
go.akshayshah.org/attest v1.1.0 h1:RvjkN+6stEX9u7T78v/t/xFyUO2wr6oO6atnhpo4vIk=
go.akshayshah.org/attest v1.1.0/go.mod h1:tG+NZRJszHowj/41vXsiiMCxgF+vGTq6jznqVaCiBvQ=
golang.org/x/net v0.30.0 h1:AcW1SDZMkb8IpzCdQUaIq2sP4sZ4zw+55h6ynffypl4=
golang.org/x/net v0.30.0/go.mod h1:2wGyMJ5iFasEhkwi13ChkO/t1ECNC4X4eBKkVFyYFlU=
golang.org/x/text v0.3.3/go.mod h1:5Zoc/QRtKVWzQhOtBMvqHzDpF6irO9z98xDceosuGiQ=
golang.org/x/text v0.19.0 h1:kTxAhCbGbxhK0IwgSKiMO5awPoDQ0RpfiVYBfK860YM=
golang.org/x/text v0.19.0/go.mod h1:BuEKDfySbSR4drPmRPG/7iBdf8hvFMuRexcpahXilzY=
golang.org/x/tools v0.0.0-20180917221912-90fa682c2a6e/go.mod h1:n7NCudcB/nEzxVGmLbDWY5pfWTLqBcC2KZ6jyYvM4mQ=
golang.org/x/tools v0.21.1-0.20240508182429-e35e4ccd0d2d h1:vU5i/LfpvrRCpgM/VPfJLg5KjxD3E+hfT1SH+d9zLwg=
golang.org/x/tools v0.21.1-0.20240508182429-e35e4ccd0d2d/go.mod h1:aiJjzUbINMkxbQROHiO6hDPo2LHcIPhhQsa9DLh0yGk=
google.golang.org/genproto v0.0.0-20221118155620-16455021b5e6 h1:a2S6M0+660BgMNl++4JPlcAO/CjkqYItDEZwkoDQK7c=
google.golang.org/genproto v0.0.0-20221118155620-16455021b5e6/go.mod h1:rZS5c/ZVYMaOGBfO68GWtjOw/eLaZM1X6iVtgjZ+EWg=
google.golang.org/protobuf v1.35.1 h1:m3LfL6/Ca+fqnjnlqQXNpFPABW1UD7mjh8KO2mKFytA=
google.golang.org/protobuf v1.35.1/go.mod h1:9fA7Ob0pmnwhb644+1+CVWFRbNajQ6iRojtC/QF5bRE=
rsc.io/markdown v0.0.0-20231030184305-7ce63bd70e80 h1:6BTZeXslcVMu8OGrj8ITkF4dB/Bcoqk14TXfu9q5IwE=
rsc.io/markdown v0.0.0-20231030184305-7ce63bd70e80/go.mod h1:nk+xE/OpgE9owRnSJhFn6dLP9iHa3YD28flp7Y5FDjw=
