buf.build/gen/go/acme/paymentapis/protocolbuffers/go v1.36.11-20220907172603-9a877cf260e1.1 h1:R5h+GMYK/74LgntaXpfHAvHw4bimtiUiBfjGFnz0H8g=
buf.build/gen/go/acme/paymentapis/protocolbuffers/go v1.36.11-20220907172603-9a877cf260e1.1/go.mod h1:ut/ppSeKkge7hIIvGdxAHxZ73OOJByXHLAYBK8Si14k=
buf.build/gen/go/acme/petapis/connectrpc/go v1.19.1-20220907172654-7abdb7802c8f.2 h1:gIsoITUBN0i8KGM2AkS/tbF9hWRNULXtIGiC3fW9xO0=
buf.build/gen/go/acme/petapis/connectrpc/go v1.19.1-20220907172654-7abdb7802c8f.2/go.mod h1:2+4iz4FjgRNrjmOT2k1nfQJbr8r2B6zrCtJma7ePymQ=
buf.build/gen/go/acme/petapis/protocolbuffers/go v1.36.11-20220907172654-7abdb7802c8f.1 h1:pfpXGODE6n2iCCkdaGMasHvq/qLuFLVKSRoUAw0b51w=
buf.build/gen/go/acme/petapis/protocolbuffers/go v1.36.11-20220907172654-7abdb7802c8f.1/go.mod h1:nRaEj65IDy2lJlUwZVxwYAkJ52jnmGwhHNtpR7rgtBQ=
connectrpc.com/connect v1.19.1 h1:R5M57z05+90EfEvCY1b7hBxDVOUl45PrtXtAV2fOC14=
connectrpc.com/connect v1.19.1/go.mod h1:tN20fjdGlewnSFeZxLKb0xwIZ6ozc3OQs2hTXy4du9w=
connectrpc.com/cors v0.1.0 h1:f3gTXJyDZPrDIZCQ567jxfD9PAIpopHiRDnJRt3QuOQ=
connectrpc.com/cors v0.1.0/go.mod h1:v8SJZCPfHtGH1zsm+Ttajpozd4cYIUryl4dFB6QEpfg=
connectrpc.com/grpcreflect v1.3.0 h1:Y4V+ACf8/vOb1XOc251Qun7jMB75gCUNw6llvB9csXc=
connectrpc.com/grpcreflect v1.3.0/go.mod h1:nfloOtCS8VUQOQ1+GTdFzVg2CJo4ZGaat8JIovCtDYs=
github.com/BurntSushi/toml v1.4.1-0.20240526193622-a339e1f7089c h1:pxW6RcqyfI9/kWtOwnv/G+AzdKuy2ZrqINhenH4HyNs=
github.com/BurntSushi/toml v1.4.1-0.20240526193622-a339e1f7089c/go.mod h1:ukJfTF/6rtPPRCnwkur4qwRxa8vTRFBF0uk2lLoLwho=
github.com/google/go-cmp v0.7.0 h1:wk8382ETsv4JYUZwIsn6YpYiWiBsYLSJiTsyBybVuN8=
github.com/google/go-cmp v0.7.0/go.mod h1:pXiqmnSA92OHEEa9HXL2W4E7lf9JzCmGVUdgjX3N/iU=
github.com/google/safehtml v0.0.2 h1:ZOt2VXg4x24bW0m2jtzAOkhoXV0iM8vNKc0paByCZqM=
github.com/google/safehtml v0.0.2/go.mod h1:L4KWwDsUJdECRAEpZoBn3O64bQaywRscowZjJAzjHnU=
github.com/jba/templatecheck v0.7.1 h1:yOEIFazBEwzdTPYHZF3Pm81NF1ksxx1+vJncSEwvjKc=
github.com/jba/templatecheck v0.7.1/go.mod h1:n1Etw+Rrw1mDDD8dDRsEKTwMZsJ98EkktgNJC6wLUGo=
github.com/jub0bs/cors v0.13.0 h1:y3tp7VBqXFWDogn9dph/jMgz3nFvgT8ItSgfmk+Hkik=
github.com/jub0bs/cors v0.13.0/go.mod h1:wlDBCHWBj/1rV242LHu1ylqLbZaPb2cmteuvZotyzug=
github.com/oklog/ulid/v2 v2.1.1 h1:suPZ4ARWLOJLegGFiZZ1dFAkqzhMjL3J1TzI+5wHz8s=
github.com/oklog/ulid/v2 v2.1.1/go.mod h1:rcEKHmBBKfef9DhnvX7y1HZBYxjXb0cP5ExxNsTT1QQ=
github.com/pborman/getopt v0.0.0-20170112200414-7148bc3a4c30/go.mod h1:85jBQOZwpVEaDAr341tbn15RS4fCAsIst0qp7i8ex1o=
github.com/yuin/goldmark v1.6.0 h1:boZcn2GTjpsynOsC0iJHnBWa4Bi0qzfJjthwauItG68=
github.com/yuin/goldmark v1.6.0/go.mod h1:6yULJ656Px+3vBD8DxQVa3kxgyrAnzto9xy5taEt/CY=
go.akshayshah.org/attest v1.1.0 h1:RvjkN+6stEX9u7T78v/t/xFyUO2wr6oO6atnhpo4vIk=
go.akshayshah.org/attest v1.1.0/go.mod h1:tG+NZRJszHowj/41vXsiiMCxgF+vGTq6jznqVaCiBvQ=
golang.org/x/exp/typeparams v0.0.0-20231108232855-2478ac86f678 h1:1P7xPZEwZMoBoz0Yze5Nx2/4pxj6nw9ZqHWXqP0iRgQ=
golang.org/x/exp/typeparams v0.0.0-20231108232855-2478ac86f678/go.mod h1:AbB0pIl9nAr9wVwH+Z2ZpaocVmF5I4GyWCDIsVjR0bk=
golang.org/x/mod v0.32.0 h1:9F4d3PHLljb6x//jOyokMv3eX+YDeepZSEo3mFJy93c=
golang.org/x/mod v0.32.0/go.mod h1:SgipZ/3h2Ci89DlEtEXWUk/HteuRin+HHhN+WbNhguU=
golang.org/x/net v0.50.0 h1:ucWh9eiCGyDR3vtzso0WMQinm2Dnt8cFMuQa9K33J60=
golang.org/x/net v0.50.0/go.mod h1:UgoSli3F/pBgdJBHCTc+tp3gmrU4XswgGRgtnwWTfyM=
golang.org/x/sync v0.19.0 h1:vV+1eWNmZ5geRlYjzm2adRgW2/mcpevXNg50YZtPCE4=
golang.org/x/sync v0.19.0/go.mod h1:9KTHXmSnoGruLpwFjVSX0lNNA75CykiMECbovNTZqGI=
golang.org/x/text v0.3.3/go.mod h1:5Zoc/QRtKVWzQhOtBMvqHzDpF6irO9z98xDceosuGiQ=
golang.org/x/text v0.34.0 h1:oL/Qq0Kdaqxa1KbNeMKwQq0reLCCaFtqu2eNuSeNHbk=
golang.org/x/text v0.34.0/go.mod h1:homfLqTYRFyVYemLBFl5GgL/DWEiH5wcsQ5gSh1yziA=
golang.org/x/tools v0.0.0-20180917221912-90fa682c2a6e/go.mod h1:n7NCudcB/nEzxVGmLbDWY5pfWTLqBcC2KZ6jyYvM4mQ=
golang.org/x/tools v0.41.0 h1:a9b8iMweWG+S0OBnlU36rzLp20z1Rp10w+IY2czHTQc=
golang.org/x/tools v0.41.0/go.mod h1:XSY6eDqxVNiYgezAVqqCeihT4j1U2CCsqvH3WhQpnlg=
golang.org/x/tools/go/expect v0.1.1-deprecated h1:jpBZDwmgPhXsKZC6WhL20P4b/wmnpsEAGHaNy0n/rJM=
golang.org/x/tools/go/expect v0.1.1-deprecated/go.mod h1:eihoPOH+FgIqa3FpoTwguz/bVUSGBlGQU67vpBeOrBY=
google.golang.org/genproto v0.0.0-20241216192217-9240e9c98484 h1:a/U5otbGrI6mYIO598WriFB1172i6Ktr6FGcatZD3Yw=
google.golang.org/genproto v0.0.0-20241216192217-9240e9c98484/go.mod h1:Gmd/M/W9fEyf6VSu/mWLnl+9Be51B9CLdxdsKokYq7Y=
google.golang.org/protobuf v1.36.11 h1:fV6ZwhNocDyBLK0dj+fg8ektcVegBBuEolpbTQyBNVE=
google.golang.org/protobuf v1.36.11/go.mod h1:HTf+CrKn2C3g5S8VImy6tdcUvCska2kB7j23XfzDpco=
honnef.co/go/tools v0.6.1 h1:R094WgE8K4JirYjBaOpz/AvTyUu/3wbmAoskKN/pxTI=
honnef.co/go/tools v0.6.1/go.mod h1:3puzxxljPCe8RGJX7BIy1plGbxEOZni5mR2aXe3/uk4=
rsc.io/markdown v0.0.0-20241212154241-6bf72452917f h1:zQHn9vNRGvg+k5NdSMZ5jdSQcuz7k5niNMO0f0XkwKc=
rsc.io/markdown v0.0.0-20241212154241-6bf72452917f/go.mod h1:dTYI7HoCsVAs6SKPMgkC2TV2xRFJB9WqcVydnnZby2Y=
